
Microsoft Visual Studio Solution File, Format Version 12.00
# Visual Studio 2012
Project("{FAE04EC0-301F-11D3-BF4B-00C04F79EFBC}") = "YaredPersonalWebSite", "YaredPersonalWebSite\YaredPersonalWebSite.csproj", "{C9801477-5759-4181-AD27-407A2EB4373B}"
EndProject
Project("{FAE04EC0-301F-11D3-BF4B-00C04F79EFBC}") = "YaredPersonalWebSite.Tests", "YaredPersonalWebSite.Tests\YaredPersonalWebSite.Tests.csproj", "{76A335B3-7B26-4558-9DF9-2F70A88BB9E9}"
EndProject
Global
	GlobalSection(SolutionConfigurationPlatforms) = preSolution
		Debug|Any CPU = Debug|Any CPU
		Release|Any CPU = Release|Any CPU
	EndGlobalSection
	GlobalSection(ProjectConfigurationPlatforms) = postSolution
		{C9801477-5759-4181-AD27-407A2EB4373B}.Debug|Any CPU.ActiveCfg = Debug|Any CPU
		{C9801477-5759-4181-AD27-407A2EB4373B}.Debug|Any CPU.Build.0 = Debug|Any CPU
		{C9801477-5759-4181-AD27-407A2EB4373B}.Release|Any CPU.ActiveCfg = Release|Any CPU
		{C9801477-5759-4181-AD27-407A2EB4373B}.Release|Any CPU.Build.0 = Release|Any CPU
		{76A335B3-7B26-4558-9DF9-2F70A88BB9E9}.Debug|Any CPU.ActiveCfg = Debug|Any CPU
		{76A335B3-7B26-4558-9DF9-2F70A88BB9E9}.Debug|Any CPU.Build.0 = Debug|Any CPU
		{76A335B3-7B26-4558-9DF9-2F70A88BB9E9}.Release|Any CPU.ActiveCfg = Release|Any CPU
		{76A335B3-7B26-4558-9DF9-2F70A88BB9E9}.Release|Any CPU.Build.0 = Release|Any CPU
	EndGlobalSection
	GlobalSection(SolutionProperties) = preSolution
		HideSolutionNode = FALSE
	EndGlobalSection
EndGlobal
